<?xml version="1.0" encoding="utf-8"?>
<Project ToolsVersion="4.0" xmlns="http://schemas.microsoft.com/developer/msbuild/2003">
  <ItemGroup>
    <Filter Include="Source Files">
      <UniqueIdentifier>{4FC737F1-C7A5-4376-A066-2A32D752A2FF}</UniqueIdentifier>
      <Extensions>cpp;c;cc;cxx;def;odl;idl;hpj;bat;asm;asmx</Extensions>
    </Filter>
    <Filter Include="Header Files">
      <UniqueIdentifier>{93995380-89BD-4b04-88EB-625FBE52EBFB}</UniqueIdentifier>
      <Extensions>h;hpp;hxx;hm;inl;inc;xsd</Extensions>
    </Filter>
    <Filter Include="Resource Files">
      <UniqueIdentifier>{67DA6AB6-F800-4c08-8B7A-83BB121AAD01}</UniqueIdentifier>
      <Extensions>rc;ico;cur;bmp;dlg;rc2;rct;bin;rgs;gif;jpg;jpeg;jpe;resx;tiff;tif;png;wav;mfcribbon-ms</Extensions>
    </Filter>
    <Filter Include="Header Files\FrameWork">
      <UniqueIdentifier>{77f9156f-7a32-44b1-a8ae-2b24eb806804}</UniqueIdentifier>
    </Filter>
    <Filter Include="Source Files\FrameWork">
      <UniqueIdentifier>{3ecbc792-ccd9-4be3-b29a-f0e0a44bdba1}</UniqueIdentifier>
    </Filter>
    <Filter Include="Header Files\Objects">
      <UniqueIdentifier>{c20d800e-335e-47a9-9154-89f6a19860a4}</UniqueIdentifier>
    </Filter>
    <Filter Include="Source Files\Objects">
      <UniqueIdentifier>{37d451bb-82dd-409d-b92d-32deebf860d2}</UniqueIdentifier>
    </Filter>
    <Filter Include="Header Files\FrameWork\Managers">
      <UniqueIdentifier>{1134ef7d-3444-4639-99de-a95ca08cadcc}</UniqueIdentifier>
    </Filter>
    <Filter Include="Source Files\FrameWork\Managers">
      <UniqueIdentifier>{d5796f74-fceb-4283-bd89-6162e5e5b1b4}</UniqueIdentifier>
    </Filter>
    <Filter Include="Header Files\Objects\GameObjects">
      <UniqueIdentifier>{58724a95-584b-46e8-9312-c7910da91d1d}</UniqueIdentifier>
    </Filter>
    <Filter Include="Source Files\Objects\GameObjects">
      <UniqueIdentifier>{577704fe-4bbd-4b33-8fa0-9820c80b92a2}</UniqueIdentifier>
    </Filter>
  </ItemGroup>
  <ItemGroup>
    <ClCompile Include="main.cpp">
      <Filter>Source Files</Filter>
    </ClCompile>
    <ClCompile Include="FrameWork\Sprite.cpp">
      <Filter>Source Files\FrameWork</Filter>
    </ClCompile>
    <ClCompile Include="FrameWork\DeviceManager.cpp">
      <Filter>Source Files\FrameWork</Filter>
    </ClCompile>
    <ClCompile Include="FrameWork\Graphics.cpp">
      <Filter>Source Files\FrameWork</Filter>
    </ClCompile>
    <ClCompile Include="FrameWork\Texture.cpp">
      <Filter>Source Files\FrameWork</Filter>
    </ClCompile>
    <ClCompile Include="Game.cpp">
      <Filter>Source Files</Filter>
    </ClCompile>
    <ClCompile Include="FrameWork\TimeSpan.cpp">
      <Filter>Source Files\FrameWork</Filter>
    </ClCompile>
    <ClCompile Include="FrameWork\GameTime.cpp">
      <Filter>Source Files\FrameWork</Filter>
    </ClCompile>
    <ClCompile Include="FrameWork\StopWatch.cpp">
      <Filter>Source Files\FrameWork</Filter>
    </ClCompile>
    <ClCompile Include="FrameWork\InputController.cpp">
      <Filter>Source Files\FrameWork</Filter>
    </ClCompile>
    <ClCompile Include="objects\BaseObject.cpp">
      <Filter>Source Files\Objects</Filter>
    </ClCompile>
    <ClCompile Include="FrameWork\Event.cpp">
      <Filter>Source Files\FrameWork</Filter>
    </ClCompile>
    <ClCompile Include="FrameWork\SpriteManager.cpp">
      <Filter>Source Files\FrameWork</Filter>
    </ClCompile>
    <ClCompile Include="FrameWork\Managers\SceneManager.cpp">
      <Filter>Source Files\FrameWork\Managers</Filter>
    </ClCompile>
    <ClCompile Include="objects\Scene.cpp">
      <Filter>Source Files\Objects</Filter>
    </ClCompile>
    <ClCompile Include="objects\PlayScene.cpp">
      <Filter>Source Files\Objects</Filter>
    </ClCompile>
    <ClCompile Include="ContraGame.cpp">
      <Filter>Source Files</Filter>
    </ClCompile>
    <ClCompile Include="FrameWork\Viewport.cpp">
      <Filter>Source Files\FrameWork</Filter>
    </ClCompile>
    <ClCompile Include="FrameWork\Animation.cpp">
      <Filter>Source Files\FrameWork</Filter>
    </ClCompile>
    <ClCompile Include="FrameWork\Text.cpp">
      <Filter>Source Files\FrameWork</Filter>
    </ClCompile>
    <ClCompile Include="FrameWork\TextBitmap.cpp">
      <Filter>Source Files\FrameWork</Filter>
    </ClCompile>
    <ClCompile Include="FrameWork\Transformable.cpp">
      <Filter>Source Files\FrameWork</Filter>
    </ClCompile>
    <ClCompile Include="objects\IComponent.cpp">
      <Filter>Source Files\Objects</Filter>
    </ClCompile>
    <ClCompile Include="objects\Bill.cpp">
      <Filter>Source Files\Objects\GameObjects</Filter>
    </ClCompile>
    <ClCompile Include="objects\Falcon.cpp">
      <Filter>Source Files\Objects\GameObjects</Filter>
    </ClCompile>
    <ClCompile Include="objects\RedCannon.cpp">
      <Filter>Source Files\Objects\GameObjects</Filter>
    </ClCompile>
    <ClCompile Include="objects\Soldier.cpp">
      <Filter>Source Files\Objects\GameObjects</Filter>
    </ClCompile>
    <ClCompile Include="objects\CollisionBody.cpp">
      <Filter>Source Files\Objects</Filter>
    </ClCompile>
    <ClCompile Include="objects\AirCraft.cpp">
      <Filter>Source Files\Objects\GameObjects</Filter>
    </ClCompile>
    <ClCompile Include="objects\BaseEnemy.cpp">
      <Filter>Source Files\Objects\GameObjects</Filter>
    </ClCompile>
    <ClCompile Include="objects\Explosion.cpp">
      <Filter>Source Files\Objects\GameObjects</Filter>
    </ClCompile>
    <ClCompile Include="objects\mario.cpp">
      <Filter>Source Files\Objects\GameObjects</Filter>
    </ClCompile>
    <ClCompile Include="objects\Rifleman.cpp">
      <Filter>Source Files\Objects\GameObjects</Filter>
    </ClCompile>
    <ClCompile Include="Map\Map.cpp">
      <Filter>Source Files</Filter>
    </ClCompile>
    <ClCompile Include="objects\Bullet.cpp">
      <Filter>Source Files\Objects\GameObjects</Filter>
    </ClCompile>
    <ClCompile Include="objects\Bullet.cpp">
      <Filter>Source Files\Objects\GameObjects</Filter>
    </ClCompile>
    <ClCompile Include="objects\Bridge.cpp">
      <Filter>Source Files\Objects\GameObjects</Filter>
    </ClCompile>
  </ItemGroup>
  <ItemGroup>
    <ClInclude Include="FrameWork\Sprite.h">
      <Filter>Header Files\FrameWork</Filter>
    </ClInclude>
    <ClInclude Include="FrameWork\DeviceManager.h">
      <Filter>Header Files\FrameWork</Filter>
    </ClInclude>
    <ClInclude Include="FrameWork\Graphics.h">
      <Filter>Header Files\FrameWork</Filter>
    </ClInclude>
    <ClInclude Include="FrameWork\Texture.h">
      <Filter>Header Files\FrameWork</Filter>
    </ClInclude>
    <ClInclude Include="Game.h">
      <Filter>Header Files</Filter>
    </ClInclude>
    <ClInclude Include="FrameWork\TimeSpan.h">
      <Filter>Header Files\FrameWork</Filter>
    </ClInclude>
    <ClInclude Include="FrameWork\GameTime.h">
      <Filter>Header Files\FrameWork</Filter>
    </ClInclude>
    <ClInclude Include="FrameWork\StopWatch.h">
      <Filter>Header Files\FrameWork</Filter>
    </ClInclude>
    <ClInclude Include="FrameWork\InputController.h">
      <Filter>Header Files\FrameWork</Filter>
    </ClInclude>
    <ClInclude Include="FrameWork\define.h">
      <Filter>Header Files\FrameWork</Filter>
    </ClInclude>
    <ClInclude Include="objects\BaseObject.h">
      <Filter>Header Files\Objects</Filter>
    </ClInclude>
    <ClInclude Include="FrameWork\Event.h">
      <Filter>Header Files\FrameWork</Filter>
    </ClInclude>
    <ClInclude Include="FrameWork\SpriteManager.h">
      <Filter>Header Files\FrameWork</Filter>
    </ClInclude>
    <ClInclude Include="FrameWork\Managers\SceneManager.h">
      <Filter>Header Files\FrameWork\Managers</Filter>
    </ClInclude>
    <ClInclude Include="objects\Scene.h">
      <Filter>Header Files\Objects</Filter>
    </ClInclude>
    <ClInclude Include="objects\PlayScene.h">
      <Filter>Header Files\Objects</Filter>
    </ClInclude>
    <ClInclude Include="ContraGame.h">
      <Filter>Header Files</Filter>
    </ClInclude>
    <ClInclude Include="FrameWork\Viewport.h">
      <Filter>Header Files\FrameWork</Filter>
    </ClInclude>
    <ClInclude Include="FrameWork\Animation.h">
      <Filter>Header Files\FrameWork</Filter>
    </ClInclude>
    <ClInclude Include="FrameWork\Text.h">
      <Filter>Header Files\FrameWork</Filter>
    </ClInclude>
    <ClInclude Include="FrameWork\TextBitmap.h">
      <Filter>Header Files\FrameWork</Filter>
    </ClInclude>
    <ClInclude Include="FrameWork\Transformable.h">
      <Filter>Header Files\FrameWork</Filter>
    </ClInclude>
    <ClInclude Include="objects\mario.h">
      <Filter>Header Files\Objects</Filter>
    </ClInclude>
    <ClInclude Include="objects\IComponent.h">
      <Filter>Header Files\Objects</Filter>
    </ClInclude>
    <ClInclude Include="objects\Bill.h">
      <Filter>Header Files\Objects\GameObjects</Filter>
    </ClInclude>
    <ClInclude Include="objects\Falcon.h">
      <Filter>Header Files\Objects\GameObjects</Filter>
    </ClInclude>
    <ClInclude Include="objects\RedCannon.h">
      <Filter>Header Files\Objects\GameObjects</Filter>
    </ClInclude>
    <ClInclude Include="objects\Soldier.h">
      <Filter>Header Files\Objects\GameObjects</Filter>
    </ClInclude>
    <ClInclude Include="objects\CollisionBody.h">
      <Filter>Header Files\Objects</Filter>
    </ClInclude>
    <ClInclude Include="objects\Rifleman.h">
      <Filter>Header Files\Objects\GameObjects</Filter>
    </ClInclude>
    <ClInclude Include="objects\Explosion.h">
      <Filter>Header Files\Objects\GameObjects</Filter>
    </ClInclude>
    <ClInclude Include="objects\BaseEnemy.h">
      <Filter>Header Files\Objects\GameObjects</Filter>
    </ClInclude>
    <ClInclude Include="objects\AirCraft.h">
      <Filter>Header Files\Objects\GameObjects</Filter>
    </ClInclude>
    <ClInclude Include="Map\Map.h">
      <Filter>Header Files</Filter>
    </ClInclude>
    <ClInclude Include="objects\Bullet.h">
      <Filter>Header Files\Objects\GameObjects</Filter>
    </ClInclude>
    <ClInclude Include="objects\Bullet.h">
      <Filter>Header Files\Objects\GameObjects</Filter>
    </ClInclude>
    <ClInclude Include="objects\Bridge.h">
      <Filter>Header Files\Objects\GameObjects</Filter>
    </ClInclude>
  </ItemGroup>
  <ItemGroup>
    <Image Include="Flower.png">
      <Filter>Resource Files</Filter>
    </Image>
    <Image Include="Resources\Map\stage1.png">
      <Filter>Resource Files</Filter>
    </Image>
  </ItemGroup>
  <ItemGroup>
    <Text Include="Readme.txt" />
  </ItemGroup>
</Project>