<?xml version="1.0" encoding="utf-8"?>
<Project ToolsVersion="4.0" xmlns="http://schemas.microsoft.com/developer/msbuild/2003">
  <ItemGroup>
    <Filter Include="Source Files">
      <UniqueIdentifier>{4FC737F1-C7A5-4376-A066-2A32D752A2FF}</UniqueIdentifier>
      <Extensions>cpp;c;cc;cxx;def;odl;idl;hpj;bat;asm;asmx</Extensions>
    </Filter>
    <Filter Include="Header Files">
      <UniqueIdentifier>{93995380-89BD-4b04-88EB-625FBE52EBFB}</UniqueIdentifier>
      <Extensions>h;hpp;hxx;hm;inl;inc;xsd</Extensions>
    </Filter>
    <Filter Include="Resource Files">
      <UniqueIdentifier>{67DA6AB6-F800-4c08-8B7A-83BB121AAD01}</UniqueIdentifier>
      <Extensions>rc;ico;cur;bmp;dlg;rc2;rct;bin;rgs;gif;jpg;jpeg;jpe;resx;tiff;tif;png;wav;mfcribbon-ms</Extensions>
    </Filter>
    <Filter Include="Header Files\FrameWork">
      <UniqueIdentifier>{77f9156f-7a32-44b1-a8ae-2b24eb806804}</UniqueIdentifier>
    </Filter>
    <Filter Include="Source Files\FrameWork">
      <UniqueIdentifier>{3ecbc792-ccd9-4be3-b29a-f0e0a44bdba1}</UniqueIdentifier>
    </Filter>
    <Filter Include="Header Files\Objects">
      <UniqueIdentifier>{c20d800e-335e-47a9-9154-89f6a19860a4}</UniqueIdentifier>
    </Filter>
    <Filter Include="Source Files\Objects">
      <UniqueIdentifier>{37d451bb-82dd-409d-b92d-32deebf860d2}</UniqueIdentifier>
    </Filter>
    <Filter Include="Header Files\FrameWork\Managers">
      <UniqueIdentifier>{1134ef7d-3444-4639-99de-a95ca08cadcc}</UniqueIdentifier>
    </Filter>
    <Filter Include="Source Files\FrameWork\Managers">
      <UniqueIdentifier>{d5796f74-fceb-4283-bd89-6162e5e5b1b4}</UniqueIdentifier>
    </Filter>
    <Filter Include="Header Files\Objects\GameObjects">
      <UniqueIdentifier>{58724a95-584b-46e8-9312-c7910da91d1d}</UniqueIdentifier>
    </Filter>
    <Filter Include="Source Files\Objects\GameObjects">
      <UniqueIdentifier>{577704fe-4bbd-4b33-8fa0-9820c80b92a2}</UniqueIdentifier>
    </Filter>
    <Filter Include="Source Files\Tiles">
      <UniqueIdentifier>{36c01360-e55f-4b3d-90bb-80c68e3906a2}</UniqueIdentifier>
    </Filter>
    <Filter Include="Source Files\Objects\Scenes">
      <UniqueIdentifier>{068b2f80-4f37-4359-a241-dbbf4ab0ffc9}</UniqueIdentifier>
    </Filter>
    <Filter Include="Source Files\Objects\Bullets">
      <UniqueIdentifier>{4bbc1317-8320-4072-9321-dc5189d2ecc6}</UniqueIdentifier>
    </Filter>
    <Filter Include="Header Files\Objects\Scenes">
      <UniqueIdentifier>{4217e3e7-aa6b-49c6-bdc4-67fd63904702}</UniqueIdentifier>
    </Filter>
    <Filter Include="Header Files\Objects\Bullets">
      <UniqueIdentifier>{a0c71e74-c006-4465-bb37-4f606e7a1f5a}</UniqueIdentifier>
    </Filter>
    <Filter Include="Source Files\Objects\Enemies">
      <UniqueIdentifier>{8208f633-7839-4ca2-bf43-51df408e8b9f}</UniqueIdentifier>
    </Filter>
    <Filter Include="Header Files\Objects\Enemies">
      <UniqueIdentifier>{0941ff8f-f9a9-414f-b81b-4a21f9972f9e}</UniqueIdentifier>
    </Filter>
  </ItemGroup>
  <ItemGroup>
    <ClCompile Include="main.cpp">
      <Filter>Source Files</Filter>
    </ClCompile>
    <ClCompile Include="FrameWork\Sprite.cpp">
      <Filter>Source Files\FrameWork</Filter>
    </ClCompile>
    <ClCompile Include="FrameWork\DeviceManager.cpp">
      <Filter>Source Files\FrameWork</Filter>
    </ClCompile>
    <ClCompile Include="FrameWork\Graphics.cpp">
      <Filter>Source Files\FrameWork</Filter>
    </ClCompile>
    <ClCompile Include="FrameWork\Texture.cpp">
      <Filter>Source Files\FrameWork</Filter>
    </ClCompile>
    <ClCompile Include="Game.cpp">
      <Filter>Source Files</Filter>
    </ClCompile>
    <ClCompile Include="FrameWork\TimeSpan.cpp">
      <Filter>Source Files\FrameWork</Filter>
    </ClCompile>
    <ClCompile Include="FrameWork\GameTime.cpp">
      <Filter>Source Files\FrameWork</Filter>
    </ClCompile>
    <ClCompile Include="FrameWork\StopWatch.cpp">
      <Filter>Source Files\FrameWork</Filter>
    </ClCompile>
    <ClCompile Include="FrameWork\InputController.cpp">
      <Filter>Source Files\FrameWork</Filter>
    </ClCompile>
    <ClCompile Include="objects\BaseObject.cpp">
      <Filter>Source Files\Objects</Filter>
    </ClCompile>
    <ClCompile Include="FrameWork\Event.cpp">
      <Filter>Source Files\FrameWork</Filter>
    </ClCompile>
    <ClCompile Include="FrameWork\SpriteManager.cpp">
      <Filter>Source Files\FrameWork</Filter>
    </ClCompile>
    <ClCompile Include="FrameWork\Managers\SceneManager.cpp">
      <Filter>Source Files\FrameWork\Managers</Filter>
    </ClCompile>
    <ClCompile Include="ContraGame.cpp">
      <Filter>Source Files</Filter>
    </ClCompile>
    <ClCompile Include="FrameWork\Viewport.cpp">
      <Filter>Source Files\FrameWork</Filter>
    </ClCompile>
    <ClCompile Include="FrameWork\Animation.cpp">
      <Filter>Source Files\FrameWork</Filter>
    </ClCompile>
    <ClCompile Include="FrameWork\Text.cpp">
      <Filter>Source Files\FrameWork</Filter>
    </ClCompile>
    <ClCompile Include="FrameWork\TextBitmap.cpp">
      <Filter>Source Files\FrameWork</Filter>
    </ClCompile>
    <ClCompile Include="FrameWork\Transformable.cpp">
      <Filter>Source Files\FrameWork</Filter>
    </ClCompile>
    <ClCompile Include="objects\IComponent.cpp">
      <Filter>Source Files\Objects</Filter>
    </ClCompile>
    <ClCompile Include="objects\Bill.cpp">
      <Filter>Source Files\Objects\GameObjects</Filter>
    </ClCompile>
    <ClCompile Include="objects\Falcon.cpp">
      <Filter>Source Files\Objects\GameObjects</Filter>
    </ClCompile>
    <ClCompile Include="objects\CollisionBody.cpp">
      <Filter>Source Files\Objects</Filter>
    </ClCompile>
    <ClCompile Include="objects\AirCraft.cpp">
      <Filter>Source Files\Objects\GameObjects</Filter>
    </ClCompile>
    <ClCompile Include="objects\Explosion.cpp">
      <Filter>Source Files\Objects\GameObjects</Filter>
    </ClCompile>
    <ClCompile Include="objects\Bullet.cpp">
      <Filter>Source Files\Objects\GameObjects</Filter>
    </ClCompile>
    <ClCompile Include="objects\Bridge.cpp">
      <Filter>Source Files\Objects\GameObjects</Filter>
    </ClCompile>
    <ClCompile Include="FrameWork\utils.cpp">
      <Filter>Source Files</Filter>
    </ClCompile>
    <ClCompile Include="dxaudio.cpp">
      <Filter>Source Files</Filter>
    </ClCompile>
    <ClCompile Include="QNode.cpp">
      <Filter>Source Files</Filter>
    </ClCompile>
    <ClCompile Include="FrameWork\Managers\SoundManager.cpp">
      <Filter>Source Files</Filter>
    </ClCompile>
    <ClCompile Include="FrameWork\Surface.cpp">
      <Filter>Source Files</Filter>
    </ClCompile>
    <ClCompile Include="Tiles\ObjectFactory.cpp">
      <Filter>Source Files</Filter>
    </ClCompile>
    <ClCompile Include="objects\EmptyObject.cpp">
      <Filter>Source Files\Objects\GameObjects</Filter>
    </ClCompile>
    <ClCompile Include="objects\Fire.cpp">
      <Filter>Source Files\Objects\GameObjects</Filter>
    </ClCompile>
    <ClCompile Include="objects\Item.cpp">
      <Filter>Source Files\Objects\GameObjects</Filter>
    </ClCompile>
    <ClCompile Include="objects\Land.cpp">
      <Filter>Source Files\Objects\GameObjects</Filter>
    </ClCompile>
    <ClCompile Include="objects\LifeUI.cpp">
      <Filter>Source Files\Objects\GameObjects</Filter>
    </ClCompile>
    <ClCompile Include="objects\RockFly.cpp">
      <Filter>Source Files\Objects\GameObjects</Filter>
    </ClCompile>
    <ClCompile Include="Tiles\Tile.cpp">
      <Filter>Source Files\Tiles</Filter>
    </ClCompile>
    <ClCompile Include="Tiles\TileSet.cpp">
      <Filter>Source Files\Tiles</Filter>
    </ClCompile>
    <ClCompile Include="Tiles\Map.cpp">
      <Filter>Source Files\Tiles</Filter>
    </ClCompile>
    <ClCompile Include="FrameWork\Scenario.cpp">
      <Filter>Source Files\FrameWork</Filter>
    </ClCompile>
    <ClCompile Include="objects\TextSprite.cpp">
      <Filter>Source Files\FrameWork</Filter>
    </ClCompile>
    <ClCompile Include="objects\Score.cpp">
      <Filter>Source Files\Objects\GameObjects</Filter>
    </ClCompile>
    <ClCompile Include="objects\Help.cpp">
      <Filter>Source Files\Objects\GameObjects</Filter>
    </ClCompile>
    <ClCompile Include="objects\Scenes\PlayScene.cpp">
      <Filter>Source Files\Objects\Scenes</Filter>
    </ClCompile>
    <ClCompile Include="objects\Scenes\Scene.cpp">
      <Filter>Source Files\Objects\Scenes</Filter>
    </ClCompile>
    <ClCompile Include="objects\Scenes\SelectionScene.cpp">
      <Filter>Source Files\Objects\Scenes</Filter>
    </ClCompile>
    <ClCompile Include="objects\Scenes\Stage3.cpp">
      <Filter>Source Files\Objects\Scenes</Filter>
    </ClCompile>
    <ClCompile Include="objects\Scenes\BeginPlayScene.cpp">
      <Filter>Source Files\Objects\Scenes</Filter>
    </ClCompile>
    <ClCompile Include="objects\Scenes\GameOverScene.cpp">
      <Filter>Source Files\Objects\Scenes</Filter>
    </ClCompile>
    <ClCompile Include="objects\Scenes\IntroScene.cpp">
      <Filter>Source Files\Objects\Scenes</Filter>
    </ClCompile>
    <ClCompile Include="objects\Bullets\Beast_Bullet.cpp">
      <Filter>Source Files\Objects\Bullets</Filter>
    </ClCompile>
    <ClCompile Include="objects\Bullets\Bullet.cpp">
      <Filter>Source Files\Objects\Bullets</Filter>
    </ClCompile>
    <ClCompile Include="objects\Bullets\BulletManager.cpp">
      <Filter>Source Files\Objects\Bullets</Filter>
    </ClCompile>
    <ClCompile Include="objects\Bullets\F_Bullet.cpp">
      <Filter>Source Files\Objects\Bullets</Filter>
    </ClCompile>
    <ClCompile Include="objects\Bullets\L_Bullet.cpp">
      <Filter>Source Files\Objects\Bullets</Filter>
    </ClCompile>
    <ClCompile Include="objects\Bullets\M_Bullet.cpp">
      <Filter>Source Files\Objects\Bullets</Filter>
    </ClCompile>
    <ClCompile Include="objects\Bullets\S_Bullet.cpp">
      <Filter>Source Files\Objects\Bullets</Filter>
    </ClCompile>
    <ClCompile Include="objects\Enemies\BaseEnemy.cpp">
      <Filter>Source Files\Objects\Enemies</Filter>
    </ClCompile>
    <ClCompile Include="objects\Enemies\Boss.cpp">
      <Filter>Source Files\Objects\Enemies</Filter>
    </ClCompile>
    <ClCompile Include="objects\Enemies\ObjectCreator.cpp">
      <Filter>Source Files\Objects\Enemies</Filter>
    </ClCompile>
    <ClCompile Include="objects\Enemies\RedCannon.cpp">
      <Filter>Source Files\Objects\Enemies</Filter>
    </ClCompile>
    <ClCompile Include="objects\Enemies\Rifleman.cpp">
      <Filter>Source Files\Objects\Enemies</Filter>
    </ClCompile>
    <ClCompile Include="objects\Enemies\RockCreator.cpp">
      <Filter>Source Files\Objects\Enemies</Filter>
    </ClCompile>
    <ClCompile Include="objects\Enemies\RockFall.cpp">
      <Filter>Source Files\Objects\Enemies</Filter>
    </ClCompile>
    <ClCompile Include="objects\Enemies\ScubaSoldier.cpp">
      <Filter>Source Files\Objects\Enemies</Filter>
    </ClCompile>
    <ClCompile Include="objects\Enemies\ShadowBeast.cpp">
      <Filter>Source Files\Objects\Enemies</Filter>
    </ClCompile>
    <ClCompile Include="objects\Enemies\Soldier.cpp">
      <Filter>Source Files\Objects\Enemies</Filter>
    </ClCompile>
    <ClCompile Include="objects\Enemies\WallTurret.cpp">
      <Filter>Source Files\Objects\Enemies</Filter>
    </ClCompile>
  </ItemGroup>
  <ItemGroup>
    <ClInclude Include="FrameWork\Sprite.h">
      <Filter>Header Files\FrameWork</Filter>
    </ClInclude>
    <ClInclude Include="FrameWork\DeviceManager.h">
      <Filter>Header Files\FrameWork</Filter>
    </ClInclude>
    <ClInclude Include="FrameWork\Graphics.h">
      <Filter>Header Files\FrameWork</Filter>
    </ClInclude>
    <ClInclude Include="FrameWork\Texture.h">
      <Filter>Header Files\FrameWork</Filter>
    </ClInclude>
    <ClInclude Include="Game.h">
      <Filter>Header Files</Filter>
    </ClInclude>
    <ClInclude Include="FrameWork\TimeSpan.h">
      <Filter>Header Files\FrameWork</Filter>
    </ClInclude>
    <ClInclude Include="FrameWork\GameTime.h">
      <Filter>Header Files\FrameWork</Filter>
    </ClInclude>
    <ClInclude Include="FrameWork\StopWatch.h">
      <Filter>Header Files\FrameWork</Filter>
    </ClInclude>
    <ClInclude Include="FrameWork\InputController.h">
      <Filter>Header Files\FrameWork</Filter>
    </ClInclude>
    <ClInclude Include="FrameWork\define.h">
      <Filter>Header Files\FrameWork</Filter>
    </ClInclude>
    <ClInclude Include="objects\BaseObject.h">
      <Filter>Header Files\Objects</Filter>
    </ClInclude>
    <ClInclude Include="FrameWork\Event.h">
      <Filter>Header Files\FrameWork</Filter>
    </ClInclude>
    <ClInclude Include="FrameWork\SpriteManager.h">
      <Filter>Header Files\FrameWork</Filter>
    </ClInclude>
    <ClInclude Include="FrameWork\Managers\SceneManager.h">
      <Filter>Header Files\FrameWork\Managers</Filter>
    </ClInclude>
    <ClInclude Include="ContraGame.h">
      <Filter>Header Files</Filter>
    </ClInclude>
    <ClInclude Include="FrameWork\Viewport.h">
      <Filter>Header Files\FrameWork</Filter>
    </ClInclude>
    <ClInclude Include="FrameWork\Animation.h">
      <Filter>Header Files\FrameWork</Filter>
    </ClInclude>
    <ClInclude Include="FrameWork\Text.h">
      <Filter>Header Files\FrameWork</Filter>
    </ClInclude>
    <ClInclude Include="FrameWork\TextBitmap.h">
      <Filter>Header Files\FrameWork</Filter>
    </ClInclude>
    <ClInclude Include="FrameWork\Transformable.h">
      <Filter>Header Files\FrameWork</Filter>
    </ClInclude>
    <ClInclude Include="objects\IComponent.h">
      <Filter>Header Files\Objects</Filter>
    </ClInclude>
    <ClInclude Include="objects\Bill.h">
      <Filter>Header Files\Objects\GameObjects</Filter>
    </ClInclude>
    <ClInclude Include="objects\Falcon.h">
      <Filter>Header Files\Objects\GameObjects</Filter>
    </ClInclude>
    <ClInclude Include="objects\CollisionBody.h">
      <Filter>Header Files\Objects</Filter>
    </ClInclude>
    <ClInclude Include="objects\Explosion.h">
      <Filter>Header Files\Objects\GameObjects</Filter>
    </ClInclude>
    <ClInclude Include="objects\AirCraft.h">
      <Filter>Header Files\Objects\GameObjects</Filter>
    </ClInclude>
    <ClInclude Include="objects\Bullet.h">
      <Filter>Header Files\Objects\GameObjects</Filter>
    </ClInclude>
    <ClInclude Include="objects\Bridge.h">
      <Filter>Header Files\Objects\GameObjects</Filter>
    </ClInclude>
    <ClInclude Include="FrameWork\utils.h">
      <Filter>Header Files</Filter>
    </ClInclude>
    <ClInclude Include="objects\EmptyObject.h">
      <Filter>Header Files</Filter>
    </ClInclude>
    <ClInclude Include="objects\Item.h">
      <Filter>Header Files</Filter>
    </ClInclude>
    <ClInclude Include="objects\Land.h">
      <Filter>Header Files</Filter>
    </ClInclude>
    <ClInclude Include="debug.h">
      <Filter>Header Files</Filter>
    </ClInclude>
    <ClInclude Include="dxaudio.h">
      <Filter>Header Files</Filter>
    </ClInclude>
    <ClInclude Include="QNode.h">
      <Filter>Header Files</Filter>
    </ClInclude>
    <ClInclude Include="FrameWork\Managers\SoundManager.h">
      <Filter>Header Files</Filter>
    </ClInclude>
    <ClInclude Include="FrameWork\Surface.h">
      <Filter>Header Files</Filter>
    </ClInclude>
    <ClInclude Include="Tiles\config.h">
      <Filter>Header Files</Filter>
    </ClInclude>
    <ClInclude Include="Tiles\Map.h">
      <Filter>Header Files</Filter>
    </ClInclude>
    <ClInclude Include="Tiles\ObjectFactory.h">
      <Filter>Header Files</Filter>
    </ClInclude>
    <ClInclude Include="Tiles\Tile.h">
      <Filter>Header Files</Filter>
    </ClInclude>
    <ClInclude Include="Tiles\TileSet.h">
      <Filter>Header Files</Filter>
    </ClInclude>
    <ClInclude Include="objects\Fire.h">
      <Filter>Header Files</Filter>
    </ClInclude>
    <ClInclude Include="objects\LifeUI.h">
      <Filter>Header Files</Filter>
    </ClInclude>
    <ClInclude Include="objects\RockFly.h">
      <Filter>Header Files</Filter>
    </ClInclude>
    <ClInclude Include="FrameWork\Scenario.h">
      <Filter>Header Files\FrameWork</Filter>
    </ClInclude>
    <ClInclude Include="objects\TextSprite.h">
      <Filter>Header Files\Objects</Filter>
    </ClInclude>
    <ClInclude Include="objects\Score.h">
      <Filter>Header Files\Objects</Filter>
    </ClInclude>
    <ClInclude Include="objects\Help.h">
      <Filter>Header Files\Objects\GameObjects</Filter>
    </ClInclude>
    <ClInclude Include="objects\Scenes\PlayScene.h">
      <Filter>Header Files\Objects\Scenes</Filter>
    </ClInclude>
    <ClInclude Include="objects\Scenes\Scene.h">
      <Filter>Header Files\Objects\Scenes</Filter>
    </ClInclude>
    <ClInclude Include="objects\Scenes\SelectionScene.h">
      <Filter>Header Files\Objects\Scenes</Filter>
    </ClInclude>
    <ClInclude Include="objects\Scenes\Stage3.h">
      <Filter>Header Files\Objects\Scenes</Filter>
    </ClInclude>
    <ClInclude Include="objects\Scenes\BeginPlayScene.h">
      <Filter>Header Files\Objects\Scenes</Filter>
    </ClInclude>
    <ClInclude Include="objects\Scenes\GameOverScene.h">
      <Filter>Header Files\Objects\Scenes</Filter>
    </ClInclude>
    <ClInclude Include="objects\Scenes\IntroScene.h">
      <Filter>Header Files\Objects\Scenes</Filter>
    </ClInclude>
    <ClInclude Include="objects\Bullets\Beast_Bullet.h">
      <Filter>Header Files\Objects\Bullets</Filter>
    </ClInclude>
    <ClInclude Include="objects\Bullets\Bullet.h">
      <Filter>Header Files\Objects\Bullets</Filter>
    </ClInclude>
    <ClInclude Include="objects\Bullets\BulletManager.h">
      <Filter>Header Files\Objects\Bullets</Filter>
    </ClInclude>
    <ClInclude Include="objects\Bullets\F_Bullet.h">
      <Filter>Header Files\Objects\Bullets</Filter>
    </ClInclude>
    <ClInclude Include="objects\Bullets\L_Bullet.h">
      <Filter>Header Files\Objects\Bullets</Filter>
    </ClInclude>
    <ClInclude Include="objects\Bullets\M_Bullet.h">
      <Filter>Header Files\Objects\Bullets</Filter>
    </ClInclude>
    <ClInclude Include="objects\Bullets\S_Bullet.h">
      <Filter>Header Files\Objects\Bullets</Filter>
    </ClInclude>
    <ClInclude Include="objects\Enemies\BaseEnemy.h">
      <Filter>Header Files\Objects\Enemies</Filter>
    </ClInclude>
    <ClInclude Include="objects\Enemies\Boss.h">
      <Filter>Header Files\Objects\Enemies</Filter>
    </ClInclude>
    <ClInclude Include="objects\Enemies\ObjectCreator.h">
      <Filter>Header Files\Objects\Enemies</Filter>
    </ClInclude>
    <ClInclude Include="objects\Enemies\RedCannon.h">
      <Filter>Header Files\Objects\Enemies</Filter>
    </ClInclude>
    <ClInclude Include="objects\Enemies\Rifleman.h">
      <Filter>Header Files\Objects\Enemies</Filter>
    </ClInclude>
    <ClInclude Include="objects\Enemies\RockCreator.h">
      <Filter>Header Files\Objects\Enemies</Filter>
    </ClInclude>
    <ClInclude Include="objects\Enemies\RockFall.h">
      <Filter>Header Files\Objects\Enemies</Filter>
    </ClInclude>
    <ClInclude Include="objects\Enemies\ScubaSoldier.h">
      <Filter>Header Files\Objects\Enemies</Filter>
    </ClInclude>
    <ClInclude Include="objects\Enemies\ShadowBeast.h">
      <Filter>Header Files\Objects\Enemies</Filter>
    </ClInclude>
    <ClInclude Include="objects\Enemies\Soldier.h">
      <Filter>Header Files\Objects\Enemies</Filter>
    </ClInclude>
    <ClInclude Include="objects\Enemies\WallTurret.h">
      <Filter>Header Files\Objects\Enemies</Filter>
    </ClInclude>
  </ItemGroup>
  <ItemGroup>
    <Image Include="Flower.png">
      <Filter>Resource Files</Filter>
    </Image>
    <Image Include="Resources\Map\stage1.png">
      <Filter>Resource Files</Filter>
    </Image>
  </ItemGroup>
  <ItemGroup>
    <Text Include="Readme.txt" />
  </ItemGroup>
  <ItemGroup>
    <None Include="ClassDiagram\Bullet_classDiagram.cd" />
    <None Include="ClassDiagram\Component_classDiagram.cd" />
    <None Include="ClassDiagram\Game_classDiagram.cd" />
    <None Include="ClassDiagram\Object_classDiagram.cd" />
    <None Include="ClassDiagram\Scene_classDiagram.cd" />
  </ItemGroup>
</Project>